
Microsoft Visual Studio Solution File, Format Version 12.00
# Visual Studio Version 17
VisualStudioVersion = 17.4.33213.308
MinimumVisualStudioVersion = 10.0.40219.1
Project("{FAE04EC0-301F-11D3-BF4B-00C04F79EFBC}") = "DeptosEmpleados", "DeptosEmpleados.csproj", "{4E4CFACD-AA7E-4C35-986D-498BC76E3DA8}"
EndProject
Global
	GlobalSection(SolutionConfigurationPlatforms) = preSolution
		Debug|Any CPU = Debug|Any CPU
		Release|Any CPU = Release|Any CPU
	EndGlobalSection
	GlobalSection(ProjectConfigurationPlatforms) = postSolution
		{4E4CFACD-AA7E-4C35-986D-498BC76E3DA8}.Debug|Any CPU.ActiveCfg = Debug|Any CPU
		{4E4CFACD-AA7E-4C35-986D-498BC76E3DA8}.Debug|Any CPU.Build.0 = Debug|Any CPU
		{4E4CFACD-AA7E-4C35-986D-498BC76E3DA8}.Release|Any CPU.ActiveCfg = Release|Any CPU
		{4E4CFACD-AA7E-4C35-986D-498BC76E3DA8}.Release|Any CPU.Build.0 = Release|Any CPU
	EndGlobalSection
	GlobalSection(SolutionProperties) = preSolution
		HideSolutionNode = FALSE
	EndGlobalSection
	GlobalSection(ExtensibilityGlobals) = postSolution
		SolutionGuid = {9CEF33E0-4BE2-4221-BD6C-B7A9AA3330F1}
	EndGlobalSection
EndGlobal
